<?xml version="1.0" encoding="utf-8"?>
<Project ToolsVersion="4.0" xmlns="http://schemas.microsoft.com/developer/msbuild/2003">
  <ItemGroup>
    <Filter Include="소스 파일">
      <UniqueIdentifier>{4FC737F1-C7A5-4376-A066-2A32D752A2FF}</UniqueIdentifier>
      <Extensions>cpp;c;cc;cxx;c++;cppm;ixx;def;odl;idl;hpj;bat;asm;asmx</Extensions>
    </Filter>
    <Filter Include="헤더 파일">
      <UniqueIdentifier>{93995380-89BD-4b04-88EB-625FBE52EBFB}</UniqueIdentifier>
      <Extensions>h;hh;hpp;hxx;h++;hm;inl;inc;ipp;xsd</Extensions>
    </Filter>
    <Filter Include="리소스 파일">
      <UniqueIdentifier>{67DA6AB6-F800-4c08-8B7A-83BB121AAD01}</UniqueIdentifier>
      <Extensions>rc;ico;cur;bmp;dlg;rc2;rct;bin;rgs;gif;jpg;jpeg;jpe;resx;tiff;tif;png;wav;mfcribbon-ms</Extensions>
    </Filter>
  </ItemGroup>
  <ItemGroup>
    <ClCompile Include="main.cpp">
      <Filter>소스 파일</Filter>
    </ClCompile>
    <ClCompile Include="ServerNetwork\IOCPServer.cpp">
      <Filter>소스 파일</Filter>
    </ClCompile>
    <ClCompile Include="ChatServer.cpp">
      <Filter>소스 파일</Filter>
    </ClCompile>
    <ClCompile Include="ServerNetwork\ClientInfo.cpp">
      <Filter>소스 파일</Filter>
    </ClCompile>
    <ClCompile Include="PacketManager.cpp">
      <Filter>소스 파일</Filter>
    </ClCompile>
    <ClCompile Include="User\UserManager.cpp">
      <Filter>소스 파일</Filter>
    </ClCompile>
    <ClCompile Include="User\User.cpp">
      <Filter>소스 파일</Filter>
    </ClCompile>
    <ClCompile Include="RedisManager.cpp">
      <Filter>소스 파일</Filter>
    </ClCompile>
    <ClCompile Include="Room\Room.cpp">
      <Filter>소스 파일</Filter>
    </ClCompile>
    <ClCompile Include="Room\RoomManager.cpp">
      <Filter>소스 파일</Filter>
    </ClCompile>
    <ClCompile Include="Config\ConfigLoader.cpp">
      <Filter>소스 파일</Filter>
    </ClCompile>
    <ClCompile Include="DB\AccountDB.cpp">
      <Filter>소스 파일</Filter>
    </ClCompile>
    <ClCompile Include="User\State\UserStateNone.cpp">
      <Filter>소스 파일</Filter>
    </ClCompile>
    <ClCompile Include="User\State\UserStateConnected.cpp">
      <Filter>소스 파일</Filter>
    </ClCompile>
    <ClCompile Include="User\State\UserStateDisconnect.cpp">
      <Filter>소스 파일</Filter>
    </ClCompile>
    <ClCompile Include="User\State\UserStateInLobby.cpp">
      <Filter>소스 파일</Filter>
    </ClCompile>
    <ClCompile Include="User\State\UserStateInRoom.cpp">
      <Filter>소스 파일</Filter>
    </ClCompile>
  </ItemGroup>
  <ItemGroup>
    <ClInclude Include="ServerNetwork\IOCPServer.h">
      <Filter>헤더 파일</Filter>
    </ClInclude>
    <ClInclude Include="ChatServer.h">
      <Filter>헤더 파일</Filter>
    </ClInclude>
    <ClInclude Include="ServerNetwork\ClientInfo.h">
      <Filter>헤더 파일</Filter>
    </ClInclude>
    <ClInclude Include="ServerNetwork\Define.h">
      <Filter>헤더 파일</Filter>
    </ClInclude>
    <ClInclude Include="PacketManager.h">
      <Filter>헤더 파일</Filter>
    </ClInclude>
    <ClInclude Include="User\UserManager.h">
      <Filter>헤더 파일</Filter>
    </ClInclude>
    <ClInclude Include="User\User.h">
      <Filter>헤더 파일</Filter>
    </ClInclude>
    <ClInclude Include="RedisManager.h">
      <Filter>헤더 파일</Filter>
    </ClInclude>
    <ClInclude Include="RedisTaskDefine.h">
      <Filter>헤더 파일</Filter>
    </ClInclude>
    <ClInclude Include="ResultCode.h">
      <Filter>헤더 파일</Filter>
    </ClInclude>
    <ClInclude Include="Room\Room.h">
      <Filter>헤더 파일</Filter>
    </ClInclude>
    <ClInclude Include="Room\RoomManager.h">
      <Filter>헤더 파일</Filter>
    </ClInclude>
    <ClInclude Include="Config\ConfigLoader.h">
      <Filter>헤더 파일</Filter>
    </ClInclude>
    <ClInclude Include="DB\AccountDB.h">
      <Filter>헤더 파일</Filter>
    </ClInclude>
    <ClInclude Include="Packet.h">
      <Filter>헤더 파일</Filter>
    </ClInclude>
    <ClInclude Include="State.h">
      <Filter>헤더 파일</Filter>
    </ClInclude>
    <ClInclude Include="User\State\UserState.h">
      <Filter>헤더 파일</Filter>
    </ClInclude>
    <ClInclude Include="User\State\UserStateNone.h">
      <Filter>헤더 파일</Filter>
    </ClInclude>
    <ClInclude Include="User\State\UserStateConnected.h">
      <Filter>헤더 파일</Filter>
    </ClInclude>
    <ClInclude Include="User\State\UserStateDisconnect.h">
      <Filter>헤더 파일</Filter>
    </ClInclude>
    <ClInclude Include="User\State\UserStateInLobby.h">
      <Filter>헤더 파일</Filter>
    </ClInclude>
    <ClInclude Include="User\State\UserStateInRoom.h">
      <Filter>헤더 파일</Filter>
    </ClInclude>
  </ItemGroup>
</Project>